
Microsoft Visual Studio Solution File, Format Version 12.00
# Visual Studio Version 17
VisualStudioVersion = 17.4.33110.190
MinimumVisualStudioVersion = 10.0.40219.1
Project("{FAE04EC0-301F-11D3-BF4B-00C04F79EFBC}") = "WpfApp1_NetFR_2_13", "WpfApp1_NetFR_2_13.csproj", "{14971022-681E-4D4B-98DA-8A897972BFE8}"
EndProject
Project("{FAE04EC0-301F-11D3-BF4B-00C04F79EFBC}") = "CalcClassSS", "..\CalcClassSS\CalcClassSS.csproj", "{360F300A-7B96-457A-94B4-AC82B64BFC1C}"
EndProject
Project("{FAE04EC0-301F-11D3-BF4B-00C04F79EFBC}") = "UnitTestProject2", "..\UnitTestProject2\UnitTestProject2.csproj", "{F3CE2684-EE29-4078-B4FE-DEACF8EA53AE}"
EndProject
Global
	GlobalSection(SolutionConfigurationPlatforms) = preSolution
		Debug|Any CPU = Debug|Any CPU
		Release|Any CPU = Release|Any CPU
	EndGlobalSection
	GlobalSection(ProjectConfigurationPlatforms) = postSolution
		{14971022-681E-4D4B-98DA-8A897972BFE8}.Debug|Any CPU.ActiveCfg = Debug|Any CPU
		{14971022-681E-4D4B-98DA-8A897972BFE8}.Debug|Any CPU.Build.0 = Debug|Any CPU
		{14971022-681E-4D4B-98DA-8A897972BFE8}.Release|Any CPU.ActiveCfg = Release|Any CPU
		{14971022-681E-4D4B-98DA-8A897972BFE8}.Release|Any CPU.Build.0 = Release|Any CPU
		{360F300A-7B96-457A-94B4-AC82B64BFC1C}.Debug|Any CPU.ActiveCfg = Debug|Any CPU
		{360F300A-7B96-457A-94B4-AC82B64BFC1C}.Debug|Any CPU.Build.0 = Debug|Any CPU
		{360F300A-7B96-457A-94B4-AC82B64BFC1C}.Release|Any CPU.ActiveCfg = Release|Any CPU
		{360F300A-7B96-457A-94B4-AC82B64BFC1C}.Release|Any CPU.Build.0 = Release|Any CPU
		{F3CE2684-EE29-4078-B4FE-DEACF8EA53AE}.Debug|Any CPU.ActiveCfg = Debug|Any CPU
		{F3CE2684-EE29-4078-B4FE-DEACF8EA53AE}.Debug|Any CPU.Build.0 = Debug|Any CPU
		{F3CE2684-EE29-4078-B4FE-DEACF8EA53AE}.Release|Any CPU.ActiveCfg = Release|Any CPU
		{F3CE2684-EE29-4078-B4FE-DEACF8EA53AE}.Release|Any CPU.Build.0 = Release|Any CPU
	EndGlobalSection
	GlobalSection(SolutionProperties) = preSolution
		HideSolutionNode = FALSE
	EndGlobalSection
	GlobalSection(ExtensibilityGlobals) = postSolution
		SolutionGuid = {E4F27457-A8F2-43CC-947F-39FC49485A46}
	EndGlobalSection
EndGlobal
